// !$*UTF8*$!
{
	archiveVersion = 1;
	classes = {
	};
	objectVersion = 56;
	objects = {

/* Begin PBXBuildFile section */
		9C0C92932AE5274F00D1C6C1 /* PackageViewApp.swift in Sources */ = {isa = PBXBuildFile; fileRef = 9C0C92922AE5274F00D1C6C1 /* PackageViewApp.swift */; };
		9C0C92952AE5274F00D1C6C1 /* ContentView.swift in Sources */ = {isa = PBXBuildFile; fileRef = 9C0C92942AE5274F00D1C6C1 /* ContentView.swift */; };
		9C0C92972AE5275000D1C6C1 /* Assets.xcassets in Resources */ = {isa = PBXBuildFile; fileRef = 9C0C92962AE5275000D1C6C1 /* Assets.xcassets */; };
		9C0C92A22AE5279C00D1C6C1 /* PackageModel.swift in Sources */ = {isa = PBXBuildFile; fileRef = 9C0C92A12AE5279C00D1C6C1 /* PackageModel.swift */; };
		9C63AB1E2AE53F48002D1EA2 /* Sidebar.swift in Sources */ = {isa = PBXBuildFile; fileRef = 9C63AB1D2AE53F48002D1EA2 /* Sidebar.swift */; };
		9C63AB202AE5478E002D1EA2 /* PackageData.swift in Sources */ = {isa = PBXBuildFile; fileRef = 9C63AB1F2AE5478E002D1EA2 /* PackageData.swift */; };
		9C63AB282AE54BD2002D1EA2 /* ProductDetail.swift in Sources */ = {isa = PBXBuildFile; fileRef = 9C63AB272AE54BD2002D1EA2 /* ProductDetail.swift */; };
		9C63AB2A2AE59354002D1EA2 /* TargetDetailsView.swift in Sources */ = {isa = PBXBuildFile; fileRef = 9C63AB292AE59354002D1EA2 /* TargetDetailsView.swift */; };
		9C63AB2C2AE59907002D1EA2 /* LinkButton.swift in Sources */ = {isa = PBXBuildFile; fileRef = 9C63AB2B2AE59907002D1EA2 /* LinkButton.swift */; };
/* End PBXBuildFile section */

/* Begin PBXFileReference section */
		9C0C928F2AE5274F00D1C6C1 /* PackageView.app */ = {isa = PBXFileReference; explicitFileType = wrapper.application; includeInIndex = 0; path = PackageView.app; sourceTree = BUILT_PRODUCTS_DIR; };
		9C0C92922AE5274F00D1C6C1 /* PackageViewApp.swift */ = {isa = PBXFileReference; lastKnownFileType = sourcecode.swift; path = PackageViewApp.swift; sourceTree = "<group>"; };
		9C0C92942AE5274F00D1C6C1 /* ContentView.swift */ = {isa = PBXFileReference; lastKnownFileType = sourcecode.swift; path = ContentView.swift; sourceTree = "<group>"; };
		9C0C92962AE5275000D1C6C1 /* Assets.xcassets */ = {isa = PBXFileReference; lastKnownFileType = folder.assetcatalog; path = Assets.xcassets; sourceTree = "<group>"; };
		9C0C92A12AE5279C00D1C6C1 /* PackageModel.swift */ = {isa = PBXFileReference; lastKnownFileType = sourcecode.swift; path = PackageModel.swift; sourceTree = "<group>"; };
		9C63AB1D2AE53F48002D1EA2 /* Sidebar.swift */ = {isa = PBXFileReference; lastKnownFileType = sourcecode.swift; path = Sidebar.swift; sourceTree = "<group>"; };
		9C63AB1F2AE5478E002D1EA2 /* PackageData.swift */ = {isa = PBXFileReference; lastKnownFileType = sourcecode.swift; path = PackageData.swift; sourceTree = "<group>"; };
		9C63AB272AE54BD2002D1EA2 /* ProductDetail.swift */ = {isa = PBXFileReference; lastKnownFileType = sourcecode.swift; path = ProductDetail.swift; sourceTree = "<group>"; };
		9C63AB292AE59354002D1EA2 /* TargetDetailsView.swift */ = {isa = PBXFileReference; lastKnownFileType = sourcecode.swift; path = TargetDetailsView.swift; sourceTree = "<group>"; };
		9C63AB2B2AE59907002D1EA2 /* LinkButton.swift */ = {isa = PBXFileReference; lastKnownFileType = sourcecode.swift; path = LinkButton.swift; sourceTree = "<group>"; };
/* End PBXFileReference section */

/* Begin PBXFrameworksBuildPhase section */
		9C0C928C2AE5274F00D1C6C1 /* Frameworks */ = {
			isa = PBXFrameworksBuildPhase;
			buildActionMask = 2147483647;
			files = (
			);
			runOnlyForDeploymentPostprocessing = 0;
		};
/* End PBXFrameworksBuildPhase section */

/* Begin PBXGroup section */
		9C0C92862AE5274F00D1C6C1 = {
			isa = PBXGroup;
			children = (
				9C0C92912AE5274F00D1C6C1 /* PackageView */,
				9C0C92902AE5274F00D1C6C1 /* Products */,
			);
			sourceTree = "<group>";
		};
		9C0C92902AE5274F00D1C6C1 /* Products */ = {
			isa = PBXGroup;
			children = (
				9C0C928F2AE5274F00D1C6C1 /* PackageView.app */,
			);
			name = Products;
			sourceTree = "<group>";
		};
		9C0C92912AE5274F00D1C6C1 /* PackageView */ = {
			isa = PBXGroup;
			children = (
				9C63AB302AE5A745002D1EA2 /* Assets */,
				9C63AB2F2AE5A73E002D1EA2 /* Views */,
				9C63AB2E2AE5A727002D1EA2 /* Window */,
				9C63AB2D2AE5A71A002D1EA2 /* Model */,
			);
			path = PackageView;
			sourceTree = "<group>";
		};
		9C63AB2D2AE5A71A002D1EA2 /* Model */ = {
			isa = PBXGroup;
			children = (
				9C0C92A12AE5279C00D1C6C1 /* PackageModel.swift */,
				9C63AB1F2AE5478E002D1EA2 /* PackageData.swift */,
			);
			path = Model;
			sourceTree = "<group>";
		};
		9C63AB2E2AE5A727002D1EA2 /* Window */ = {
			isa = PBXGroup;
			children = (
				9C0C92922AE5274F00D1C6C1 /* PackageViewApp.swift */,
				9C0C92942AE5274F00D1C6C1 /* ContentView.swift */,
				9C63AB1D2AE53F48002D1EA2 /* Sidebar.swift */,
				9C63AB272AE54BD2002D1EA2 /* ProductDetail.swift */,
				9C63AB292AE59354002D1EA2 /* TargetDetailsView.swift */,
			);
			path = Window;
			sourceTree = "<group>";
		};
		9C63AB2F2AE5A73E002D1EA2 /* Views */ = {
			isa = PBXGroup;
			children = (
				9C63AB2B2AE59907002D1EA2 /* LinkButton.swift */,
			);
			path = Views;
			sourceTree = "<group>";
		};
		9C63AB302AE5A745002D1EA2 /* Assets */ = {
			isa = PBXGroup;
			children = (
				9C0C92962AE5275000D1C6C1 /* Assets.xcassets */,
			);
			path = Assets;
			sourceTree = "<group>";
		};
/* End PBXGroup section */

/* Begin PBXNativeTarget section */
		9C0C928E2AE5274F00D1C6C1 /* PackageView */ = {
			isa = PBXNativeTarget;
			buildConfigurationList = 9C0C929E2AE5275000D1C6C1 /* Build configuration list for PBXNativeTarget "PackageView" */;
			buildPhases = (
				9C0C928B2AE5274F00D1C6C1 /* Sources */,
				9C0C928C2AE5274F00D1C6C1 /* Frameworks */,
				9C0C928D2AE5274F00D1C6C1 /* Resources */,
			);
			buildRules = (
			);
			dependencies = (
			);
			name = PackageView;
			packageProductDependencies = (
			);
			productName = PackageView;
			productReference = 9C0C928F2AE5274F00D1C6C1 /* PackageView.app */;
			productType = "com.apple.product-type.application";
		};
/* End PBXNativeTarget section */

/* Begin PBXProject section */
		9C0C92872AE5274F00D1C6C1 /* Project object */ = {
			isa = PBXProject;
			attributes = {
				BuildIndependentTargetsInParallel = 1;
				LastSwiftUpdateCheck = 1500;
				LastUpgradeCheck = 1500;
				TargetAttributes = {
					9C0C928E2AE5274F00D1C6C1 = {
						CreatedOnToolsVersion = 15.0;
					};
				};
			};
			buildConfigurationList = 9C0C928A2AE5274F00D1C6C1 /* Build configuration list for PBXProject "PackageView" */;
			compatibilityVersion = "Xcode 14.0";
			developmentRegion = en;
			hasScannedForEncodings = 0;
			knownRegions = (
				en,
				Base,
			);
			mainGroup = 9C0C92862AE5274F00D1C6C1;
			packageReferences = (
			);
			productRefGroup = 9C0C92902AE5274F00D1C6C1 /* Products */;
			projectDirPath = "";
			projectRoot = "";
			targets = (
				9C0C928E2AE5274F00D1C6C1 /* PackageView */,
			);
		};
/* End PBXProject section */

/* Begin PBXResourcesBuildPhase section */
		9C0C928D2AE5274F00D1C6C1 /* Resources */ = {
			isa = PBXResourcesBuildPhase;
			buildActionMask = 2147483647;
			files = (
				9C0C92972AE5275000D1C6C1 /* Assets.xcassets in Resources */,
			);
			runOnlyForDeploymentPostprocessing = 0;
		};
/* End PBXResourcesBuildPhase section */

/* Begin PBXSourcesBuildPhase section */
		9C0C928B2AE5274F00D1C6C1 /* Sources */ = {
			isa = PBXSourcesBuildPhase;
			buildActionMask = 2147483647;
			files = (
				9C63AB2A2AE59354002D1EA2 /* TargetDetailsView.swift in Sources */,
				9C0C92A22AE5279C00D1C6C1 /* PackageModel.swift in Sources */,
				9C0C92952AE5274F00D1C6C1 /* ContentView.swift in Sources */,
				9C63AB282AE54BD2002D1EA2 /* ProductDetail.swift in Sources */,
				9C63AB1E2AE53F48002D1EA2 /* Sidebar.swift in Sources */,
				9C63AB2C2AE59907002D1EA2 /* LinkButton.swift in Sources */,
				9C0C92932AE5274F00D1C6C1 /* PackageViewApp.swift in Sources */,
				9C63AB202AE5478E002D1EA2 /* PackageData.swift in Sources */,
			);
			runOnlyForDeploymentPostprocessing = 0;
		};
/* End PBXSourcesBuildPhase section */

/* Begin XCBuildConfiguration section */
		9C0C929C2AE5275000D1C6C1 /* Debug */ = {
			isa = XCBuildConfiguration;
			buildSettings = {
				ALWAYS_SEARCH_USER_PATHS = NO;
				ASSETCATALOG_COMPILER_GENERATE_SWIFT_ASSET_SYMBOL_EXTENSIONS = YES;
				CLANG_ANALYZER_NONNULL = YES;
				CLANG_ANALYZER_NUMBER_OBJECT_CONVERSION = YES_AGGRESSIVE;
				CLANG_CXX_LANGUAGE_STANDARD = "gnu++20";
				CLANG_ENABLE_MODULES = YES;
				CLANG_ENABLE_OBJC_ARC = YES;
				CLANG_ENABLE_OBJC_WEAK = YES;
				CLANG_WARN_BLOCK_CAPTURE_AUTORELEASING = YES;
				CLANG_WARN_BOOL_CONVERSION = YES;
				CLANG_WARN_COMMA = YES;
				CLANG_WARN_CONSTANT_CONVERSION = YES;
				CLANG_WARN_DEPRECATED_OBJC_IMPLEMENTATIONS = YES;
				CLANG_WARN_DIRECT_OBJC_ISA_USAGE = YES_ERROR;
				CLANG_WARN_DOCUMENTATION_COMMENTS = YES;
				CLANG_WARN_EMPTY_BODY = YES;
				CLANG_WARN_ENUM_CONVERSION = YES;
				CLANG_WARN_INFINITE_RECURSION = YES;
				CLANG_WARN_INT_CONVERSION = YES;
				CLANG_WARN_NON_LITERAL_NULL_CONVERSION = YES;
				CLANG_WARN_OBJC_IMPLICIT_RETAIN_SELF = YES;
				CLANG_WARN_OBJC_LITERAL_CONVERSION = YES;
				CLANG_WARN_OBJC_ROOT_CLASS = YES_ERROR;
				CLANG_WARN_QUOTED_INCLUDE_IN_FRAMEWORK_HEADER = YES;
				CLANG_WARN_RANGE_LOOP_ANALYSIS = YES;
				CLANG_WARN_STRICT_PROTOTYPES = YES;
				CLANG_WARN_SUSPICIOUS_MOVE = YES;
				CLANG_WARN_UNGUARDED_AVAILABILITY = YES_AGGRESSIVE;
				CLANG_WARN_UNREACHABLE_CODE = YES;
				CLANG_WARN__DUPLICATE_METHOD_MATCH = YES;
				COPY_PHASE_STRIP = NO;
				DEBUG_INFORMATION_FORMAT = dwarf;
				ENABLE_STRICT_OBJC_MSGSEND = YES;
				ENABLE_TESTABILITY = YES;
				ENABLE_USER_SCRIPT_SANDBOXING = YES;
				GCC_C_LANGUAGE_STANDARD = gnu17;
				GCC_DYNAMIC_NO_PIC = NO;
				GCC_NO_COMMON_BLOCKS = YES;
				GCC_OPTIMIZATION_LEVEL = 0;
				GCC_PREPROCESSOR_DEFINITIONS = (
					"DEBUG=1",
					"$(inherited)",
				);
				GCC_WARN_64_TO_32_BIT_CONVERSION = YES;
				GCC_WARN_ABOUT_RETURN_TYPE = YES_ERROR;
				GCC_WARN_UNDECLARED_SELECTOR = YES;
				GCC_WARN_UNINITIALIZED_AUTOS = YES_AGGRESSIVE;
				GCC_WARN_UNUSED_FUNCTION = YES;
				GCC_WARN_UNUSED_VARIABLE = YES;
				LOCALIZATION_PREFERS_STRING_CATALOGS = YES;
				MACOSX_DEPLOYMENT_TARGET = 13.5;
				MTL_ENABLE_DEBUG_INFO = INCLUDE_SOURCE;
				MTL_FAST_MATH = YES;
				ONLY_ACTIVE_ARCH = YES;
				SDKROOT = macosx;
				SWIFT_ACTIVE_COMPILATION_CONDITIONS = "DEBUG $(inherited)";
				SWIFT_OPTIMIZATION_LEVEL = "-Onone";
			};
			name = Debug;
		};
		9C0C929D2AE5275000D1C6C1 /* Release */ = {
			isa = XCBuildConfiguration;
			buildSettings = {
				ALWAYS_SEARCH_USER_PATHS = NO;
				ASSETCATALOG_COMPILER_GENERATE_SWIFT_ASSET_SYMBOL_EXTENSIONS = YES;
				CLANG_ANALYZER_NONNULL = YES;
				CLANG_ANALYZER_NUMBER_OBJECT_CONVERSION = YES_AGGRESSIVE;
				CLANG_CXX_LANGUAGE_STANDARD = "gnu++20";
				CLANG_ENABLE_MODULES = YES;
				CLANG_ENABLE_OBJC_ARC = YES;
				CLANG_ENABLE_OBJC_WEAK = YES;
				CLANG_WARN_BLOCK_CAPTURE_AUTORELEASING = YES;
				CLANG_WARN_BOOL_CONVERSION = YES;
				CLANG_WARN_COMMA = YES;
				CLANG_WARN_CONSTANT_CONVERSION = YES;
				CLANG_WARN_DEPRECATED_OBJC_IMPLEMENTATIONS = YES;
				CLANG_WARN_DIRECT_OBJC_ISA_USAGE = YES_ERROR;
				CLANG_WARN_DOCUMENTATION_COMMENTS = YES;
				CLANG_WARN_EMPTY_BODY = YES;
				CLANG_WARN_ENUM_CONVERSION = YES;
				CLANG_WARN_INFINITE_RECURSION = YES;
				CLANG_WARN_INT_CONVERSION = YES;
				CLANG_WARN_NON_LITERAL_NULL_CONVERSION = YES;
				CLANG_WARN_OBJC_IMPLICIT_RETAIN_SELF = YES;
				CLANG_WARN_OBJC_LITERAL_CONVERSION = YES;
				CLANG_WARN_OBJC_ROOT_CLASS = YES_ERROR;
				CLANG_WARN_QUOTED_INCLUDE_IN_FRAMEWORK_HEADER = YES;
				CLANG_WARN_RANGE_LOOP_ANALYSIS = YES;
				CLANG_WARN_STRICT_PROTOTYPES = YES;
				CLANG_WARN_SUSPICIOUS_MOVE = YES;
				CLANG_WARN_UNGUARDED_AVAILABILITY = YES_AGGRESSIVE;
				CLANG_WARN_UNREACHABLE_CODE = YES;
				CLANG_WARN__DUPLICATE_METHOD_MATCH = YES;
				COPY_PHASE_STRIP = NO;
				DEBUG_INFORMATION_FORMAT = "dwarf-with-dsym";
				ENABLE_NS_ASSERTIONS = NO;
				ENABLE_STRICT_OBJC_MSGSEND = YES;
				ENABLE_USER_SCRIPT_SANDBOXING = YES;
				GCC_C_LANGUAGE_STANDARD = gnu17;
				GCC_NO_COMMON_BLOCKS = YES;
				GCC_WARN_64_TO_32_BIT_CONVERSION = YES;
				GCC_WARN_ABOUT_RETURN_TYPE = YES_ERROR;
				GCC_WARN_UNDECLARED_SELECTOR = YES;
				GCC_WARN_UNINITIALIZED_AUTOS = YES_AGGRESSIVE;
				GCC_WARN_UNUSED_FUNCTION = YES;
				GCC_WARN_UNUSED_VARIABLE = YES;
				LOCALIZATION_PREFERS_STRING_CATALOGS = YES;
				MACOSX_DEPLOYMENT_TARGET = 13.5;
				MTL_ENABLE_DEBUG_INFO = NO;
				MTL_FAST_MATH = YES;
				SDKROOT = macosx;
				SWIFT_COMPILATION_MODE = wholemodule;
			};
			name = Release;
		};
		9C0C929F2AE5275000D1C6C1 /* Debug */ = {
			isa = XCBuildConfiguration;
			buildSettings = {
				ASSETCATALOG_COMPILER_APPICON_NAME = AppIcon;
				ASSETCATALOG_COMPILER_GLOBAL_ACCENT_COLOR_NAME = AccentColor;
				CODE_SIGN_STYLE = Automatic;
				COMBINE_HIDPI_IMAGES = YES;
				CURRENT_PROJECT_VERSION = 1;
				DEVELOPMENT_ASSET_PATHS = "";
				DEVELOPMENT_TEAM = 9MF8G8D9Y5;
				ENABLE_HARDENED_RUNTIME = NO;
				ENABLE_PREVIEWS = YES;
				GENERATE_INFOPLIST_FILE = YES;
				INFOPLIST_KEY_NSHumanReadableCopyright = "";
				LD_RUNPATH_SEARCH_PATHS = (
					"$(inherited)",
					"@executable_path/../Frameworks",
				);
				MARKETING_VERSION = 1.0;
				PRODUCT_BUNDLE_IDENTIFIER = com.underplot.PackageView;
				PRODUCT_NAME = "$(TARGET_NAME)";
				SWIFT_EMIT_LOC_STRINGS = YES;
				SWIFT_VERSION = 5.0;
			};
			name = Debug;
		};
		9C0C92A02AE5275000D1C6C1 /* Release */ = {
			isa = XCBuildConfiguration;
			buildSettings = {
				ASSETCATALOG_COMPILER_APPICON_NAME = AppIcon;
				ASSETCATALOG_COMPILER_GLOBAL_ACCENT_COLOR_NAME = AccentColor;
				CODE_SIGN_STYLE = Automatic;
				COMBINE_HIDPI_IMAGES = YES;
				CURRENT_PROJECT_VERSION = 1;
				DEVELOPMENT_ASSET_PATHS = "";
				DEVELOPMENT_TEAM = 9MF8G8D9Y5;
				ENABLE_HARDENED_RUNTIME = NO;
				ENABLE_PREVIEWS = YES;
				GENERATE_INFOPLIST_FILE = YES;
				INFOPLIST_KEY_NSHumanReadableCopyright = "";
				LD_RUNPATH_SEARCH_PATHS = (
					"$(inherited)",
					"@executable_path/../Frameworks",
				);
				MARKETING_VERSION = 1.0;
				PRODUCT_BUNDLE_IDENTIFIER = com.underplot.PackageView;
				PRODUCT_NAME = "$(TARGET_NAME)";
				SWIFT_EMIT_LOC_STRINGS = YES;
				SWIFT_VERSION = 5.0;
			};
			name = Release;
		};
/* End XCBuildConfiguration section */

/* Begin XCConfigurationList section */
		9C0C928A2AE5274F00D1C6C1 /* Build configuration list for PBXProject "PackageView" */ = {
			isa = XCConfigurationList;
			buildConfigurations = (
				9C0C929C2AE5275000D1C6C1 /* Debug */,
				9C0C929D2AE5275000D1C6C1 /* Release */,
			);
			defaultConfigurationIsVisible = 0;
			defaultConfigurationName = Release;
		};
		9C0C929E2AE5275000D1C6C1 /* Build configuration list for PBXNativeTarget "PackageView" */ = {
			isa = XCConfigurationList;
			buildConfigurations = (
				9C0C929F2AE5275000D1C6C1 /* Debug */,
				9C0C92A02AE5275000D1C6C1 /* Release */,
			);
			defaultConfigurationIsVisible = 0;
			defaultConfigurationName = Release;
		};
/* End XCConfigurationList section */
	};
	rootObject = 9C0C92872AE5274F00D1C6C1 /* Project object */;
}
